// !$*UTF8*$!
{
	archiveVersion = 1;
	classes = {
	};
	objectVersion = 46;
	objects = {

/* Begin PBXBuildFile section */
		A61EF1711E2137D800FA0655 /* WeiBoTitleButton.swift in Sources */ = {isa = PBXBuildFile; fileRef = A61EF1701E2137D800FA0655 /* WeiBoTitleButton.swift */; };
		A6479A391E1D3047002C6A0B /* WeiBoUserAccount.swift in Sources */ = {isa = PBXBuildFile; fileRef = A6479A381E1D3047002C6A0B /* WeiBoUserAccount.swift */; };
		A68C4DBF1E14879F00CEECA4 /* UIlabel+extension.swift in Sources */ = {isa = PBXBuildFile; fileRef = A68C4DBE1E14879F00CEECA4 /* UIlabel+extension.swift */; };
		A698FC8C1E1E8BCF001EA725 /* NSString+Extension.swift in Sources */ = {isa = PBXBuildFile; fileRef = A698FC8B1E1E8BCF001EA725 /* NSString+Extension.swift */; };
		A6B2ACEC1E220A0D00A39D67 /* WeiBoWelcomeView.swift in Sources */ = {isa = PBXBuildFile; fileRef = A6B2ACEB1E220A0D00A39D67 /* WeiBoWelcomeView.swift */; };
		A6B2ACEE1E220A7700A39D67 /* WeiBoNewFeatureView.swift in Sources */ = {isa = PBXBuildFile; fileRef = A6B2ACED1E220A7700A39D67 /* WeiBoNewFeatureView.swift */; };
		A6B2ACF21E2216C000A39D67 /* WeiBoWelcomeView.xib in Resources */ = {isa = PBXBuildFile; fileRef = A6B2ACF11E2216C000A39D67 /* WeiBoWelcomeView.xib */; };
		A6B2ACF61E22365500A39D67 /* WeiBoNewFeatureView.xib in Resources */ = {isa = PBXBuildFile; fileRef = A6B2ACF51E22365500A39D67 /* WeiBoNewFeatureView.xib */; };
		A6B2ACF91E2269EC00A39D67 /* WeiBoStatusCell.swift in Sources */ = {isa = PBXBuildFile; fileRef = A6B2ACF81E2269EC00A39D67 /* WeiBoStatusCell.swift */; };
		A6B2ACFB1E226A0C00A39D67 /* WeiBoStatusNormalCell.xib in Resources */ = {isa = PBXBuildFile; fileRef = A6B2ACFA1E226A0C00A39D67 /* WeiBoStatusNormalCell.xib */; };
		A6B2ACFD1E22782900A39D67 /* WeiBoUser.swift in Sources */ = {isa = PBXBuildFile; fileRef = A6B2ACFC1E22782900A39D67 /* WeiBoUser.swift */; };
		A6B2ACFF1E227BED00A39D67 /* WeiBoStatusViewModel.swift in Sources */ = {isa = PBXBuildFile; fileRef = A6B2ACFE1E227BED00A39D67 /* WeiBoStatusViewModel.swift */; };
		A6C038FE1E169F64000C44E9 /* UIColor+extension.swift in Sources */ = {isa = PBXBuildFile; fileRef = A6C038FD1E169F64000C44E9 /* UIColor+extension.swift */; };
		A6C039001E17DEE5000C44E9 /* main.json in Resources */ = {isa = PBXBuildFile; fileRef = A6C038FF1E17DEE5000C44E9 /* main.json */; };
		A6C039031E189AF6000C44E9 /* WeiBoNetWorkManager.swift in Sources */ = {isa = PBXBuildFile; fileRef = A6C039021E189AF6000C44E9 /* WeiBoNetWorkManager.swift */; };
		A6C039051E18A927000C44E9 /* WeiBoNetWorkManage+Extension.swift in Sources */ = {isa = PBXBuildFile; fileRef = A6C039041E18A927000C44E9 /* WeiBoNetWorkManage+Extension.swift */; };
		A6C039071E18FD6F000C44E9 /* WeiBoStatus.swift in Sources */ = {isa = PBXBuildFile; fileRef = A6C039061E18FD6F000C44E9 /* WeiBoStatus.swift */; };
		A6C039091E190368000C44E9 /* WeiboStatusListModel.swift in Sources */ = {isa = PBXBuildFile; fileRef = A6C039081E190368000C44E9 /* WeiboStatusListModel.swift */; };
		A6C0390B1E1A9702000C44E9 /* WeiBoCommon.swift in Sources */ = {isa = PBXBuildFile; fileRef = A6C0390A1E1A9702000C44E9 /* WeiBoCommon.swift */; };
		A6C0390F1E1A9A46000C44E9 /* WeiboDemoViewController.swift in Sources */ = {isa = PBXBuildFile; fileRef = A6C0390E1E1A9A46000C44E9 /* WeiboDemoViewController.swift */; };
		A6C039121E1A9A60000C44E9 /* WeiboVisitorView.swift in Sources */ = {isa = PBXBuildFile; fileRef = A6C039111E1A9A60000C44E9 /* WeiboVisitorView.swift */; };
		A6C039141E1A9AE3000C44E9 /* WeiBoOAuthViewController.swift in Sources */ = {isa = PBXBuildFile; fileRef = A6C039131E1A9AE3000C44E9 /* WeiBoOAuthViewController.swift */; };
		A6FD3EC51E097CD6009622C3 /* AppDelegate.swift in Sources */ = {isa = PBXBuildFile; fileRef = A6FD3EC41E097CD6009622C3 /* AppDelegate.swift */; };
		A6FD3ECA1E097CD6009622C3 /* Main.storyboard in Resources */ = {isa = PBXBuildFile; fileRef = A6FD3EC81E097CD6009622C3 /* Main.storyboard */; };
		A6FD3ECC1E097CD6009622C3 /* Assets.xcassets in Resources */ = {isa = PBXBuildFile; fileRef = A6FD3ECB1E097CD6009622C3 /* Assets.xcassets */; };
		A6FD3ECF1E097CD6009622C3 /* LaunchScreen.storyboard in Resources */ = {isa = PBXBuildFile; fileRef = A6FD3ECD1E097CD6009622C3 /* LaunchScreen.storyboard */; };
		A6FD3EE11E09FBB2009622C3 /* WeiBoMainViewController.swift in Sources */ = {isa = PBXBuildFile; fileRef = A6FD3EE01E09FBB2009622C3 /* WeiBoMainViewController.swift */; };
		A6FD3EE31E09FC2D009622C3 /* WeiBoNavigationController.swift in Sources */ = {isa = PBXBuildFile; fileRef = A6FD3EE21E09FC2D009622C3 /* WeiBoNavigationController.swift */; };
		A6FD3EE51E09FC7F009622C3 /* WeiBoBaseViewController.swift in Sources */ = {isa = PBXBuildFile; fileRef = A6FD3EE41E09FC7F009622C3 /* WeiBoBaseViewController.swift */; };
		A6FD3EE71E09FCD8009622C3 /* WeiBoHomeViewController.swift in Sources */ = {isa = PBXBuildFile; fileRef = A6FD3EE61E09FCD8009622C3 /* WeiBoHomeViewController.swift */; };
		A6FD3EE91E09FCFE009622C3 /* WeiBoMessageViewController.swift in Sources */ = {isa = PBXBuildFile; fileRef = A6FD3EE81E09FCFE009622C3 /* WeiBoMessageViewController.swift */; };
		A6FD3EEB1E09FD14009622C3 /* WeiBoDiscoverViewController.swift in Sources */ = {isa = PBXBuildFile; fileRef = A6FD3EEA1E09FD14009622C3 /* WeiBoDiscoverViewController.swift */; };
		A6FD3EED1E09FD31009622C3 /* WeiBoProfileViewController.swift in Sources */ = {isa = PBXBuildFile; fileRef = A6FD3EEC1E09FD31009622C3 /* WeiBoProfileViewController.swift */; };
		A6FD3EF01E0A02AB009622C3 /* Bundle+Extension.swift in Sources */ = {isa = PBXBuildFile; fileRef = A6FD3EEF1E0A02AB009622C3 /* Bundle+Extension.swift */; };
		A6FD3EFE1E0FF3A3009622C3 /* UIButton+Extension.swift in Sources */ = {isa = PBXBuildFile; fileRef = A6FD3EFD1E0FF3A3009622C3 /* UIButton+Extension.swift */; };
		A6FD3F031E100CEE009622C3 /* UIBarButtonItem+Extension.swift in Sources */ = {isa = PBXBuildFile; fileRef = A6FD3F021E100CEE009622C3 /* UIBarButtonItem+Extension.swift */; };
		A6FD3F051E101050009622C3 /* TitleButton.swift in Sources */ = {isa = PBXBuildFile; fileRef = A6FD3F041E101050009622C3 /* TitleButton.swift */; };
		FA917DC6164F71B1EBDFC6DA /* Pods_Weibo.framework in Frameworks */ = {isa = PBXBuildFile; fileRef = FD4280B9E94671A1E85C9258 /* Pods_Weibo.framework */; };
/* End PBXBuildFile section */

/* Begin PBXFileReference section */
		5E147C76114FB007E5A6986A /* Pods-Weibo.debug.xcconfig */ = {isa = PBXFileReference; includeInIndex = 1; lastKnownFileType = text.xcconfig; name = "Pods-Weibo.debug.xcconfig"; path = "Pods/Target Support Files/Pods-Weibo/Pods-Weibo.debug.xcconfig"; sourceTree = "<group>"; };
		A61EF1701E2137D800FA0655 /* WeiBoTitleButton.swift */ = {isa = PBXFileReference; fileEncoding = 4; lastKnownFileType = sourcecode.swift; path = WeiBoTitleButton.swift; sourceTree = "<group>"; };
		A6479A381E1D3047002C6A0B /* WeiBoUserAccount.swift */ = {isa = PBXFileReference; fileEncoding = 4; lastKnownFileType = sourcecode.swift; path = WeiBoUserAccount.swift; sourceTree = "<group>"; };
		A68C4DBE1E14879F00CEECA4 /* UIlabel+extension.swift */ = {isa = PBXFileReference; fileEncoding = 4; lastKnownFileType = sourcecode.swift; path = "UIlabel+extension.swift"; sourceTree = "<group>"; };
		A698FC8B1E1E8BCF001EA725 /* NSString+Extension.swift */ = {isa = PBXFileReference; fileEncoding = 4; lastKnownFileType = sourcecode.swift; path = "NSString+Extension.swift"; sourceTree = "<group>"; };
		A6B2ACEB1E220A0D00A39D67 /* WeiBoWelcomeView.swift */ = {isa = PBXFileReference; fileEncoding = 4; lastKnownFileType = sourcecode.swift; path = WeiBoWelcomeView.swift; sourceTree = "<group>"; };
		A6B2ACED1E220A7700A39D67 /* WeiBoNewFeatureView.swift */ = {isa = PBXFileReference; fileEncoding = 4; lastKnownFileType = sourcecode.swift; path = WeiBoNewFeatureView.swift; sourceTree = "<group>"; };
		A6B2ACF11E2216C000A39D67 /* WeiBoWelcomeView.xib */ = {isa = PBXFileReference; fileEncoding = 4; lastKnownFileType = file.xib; path = WeiBoWelcomeView.xib; sourceTree = "<group>"; };
		A6B2ACF51E22365500A39D67 /* WeiBoNewFeatureView.xib */ = {isa = PBXFileReference; fileEncoding = 4; lastKnownFileType = file.xib; path = WeiBoNewFeatureView.xib; sourceTree = "<group>"; };
		A6B2ACF81E2269EC00A39D67 /* WeiBoStatusCell.swift */ = {isa = PBXFileReference; fileEncoding = 4; lastKnownFileType = sourcecode.swift; path = WeiBoStatusCell.swift; sourceTree = "<group>"; };
		A6B2ACFA1E226A0C00A39D67 /* WeiBoStatusNormalCell.xib */ = {isa = PBXFileReference; fileEncoding = 4; lastKnownFileType = file.xib; path = WeiBoStatusNormalCell.xib; sourceTree = "<group>"; };
		A6B2ACFC1E22782900A39D67 /* WeiBoUser.swift */ = {isa = PBXFileReference; fileEncoding = 4; lastKnownFileType = sourcecode.swift; name = WeiBoUser.swift; path = Weibo/Classes/View/Home/WeiBoCell/WeiBoUser.swift; sourceTree = SOURCE_ROOT; };
		A6B2ACFE1E227BED00A39D67 /* WeiBoStatusViewModel.swift */ = {isa = PBXFileReference; fileEncoding = 4; lastKnownFileType = sourcecode.swift; name = WeiBoStatusViewModel.swift; path = Weibo/Classes/View/Home/WeiBoCell/WeiBoStatusViewModel.swift; sourceTree = SOURCE_ROOT; };
		A6C038FD1E169F64000C44E9 /* UIColor+extension.swift */ = {isa = PBXFileReference; fileEncoding = 4; lastKnownFileType = sourcecode.swift; path = "UIColor+extension.swift"; sourceTree = "<group>"; };
		A6C038FF1E17DEE5000C44E9 /* main.json */ = {isa = PBXFileReference; fileEncoding = 4; lastKnownFileType = text.json; path = main.json; sourceTree = "<group>"; };
		A6C039021E189AF6000C44E9 /* WeiBoNetWorkManager.swift */ = {isa = PBXFileReference; fileEncoding = 4; lastKnownFileType = sourcecode.swift; path = WeiBoNetWorkManager.swift; sourceTree = "<group>"; };
		A6C039041E18A927000C44E9 /* WeiBoNetWorkManage+Extension.swift */ = {isa = PBXFileReference; fileEncoding = 4; lastKnownFileType = sourcecode.swift; path = "WeiBoNetWorkManage+Extension.swift"; sourceTree = "<group>"; };
		A6C039061E18FD6F000C44E9 /* WeiBoStatus.swift */ = {isa = PBXFileReference; fileEncoding = 4; lastKnownFileType = sourcecode.swift; name = WeiBoStatus.swift; path = Weibo/Classes/Tools/NetWork/WeiBoStatus.swift; sourceTree = SOURCE_ROOT; };
		A6C039081E190368000C44E9 /* WeiboStatusListModel.swift */ = {isa = PBXFileReference; fileEncoding = 4; lastKnownFileType = sourcecode.swift; name = WeiboStatusListModel.swift; path = Weibo/Classes/Tools/NetWork/WeiboStatusListModel.swift; sourceTree = SOURCE_ROOT; };
		A6C0390A1E1A9702000C44E9 /* WeiBoCommon.swift */ = {isa = PBXFileReference; fileEncoding = 4; lastKnownFileType = sourcecode.swift; path = WeiBoCommon.swift; sourceTree = "<group>"; };
		A6C0390E1E1A9A46000C44E9 /* WeiboDemoViewController.swift */ = {isa = PBXFileReference; fileEncoding = 4; lastKnownFileType = sourcecode.swift; path = WeiboDemoViewController.swift; sourceTree = "<group>"; };
		A6C039111E1A9A60000C44E9 /* WeiboVisitorView.swift */ = {isa = PBXFileReference; fileEncoding = 4; lastKnownFileType = sourcecode.swift; path = WeiboVisitorView.swift; sourceTree = "<group>"; };
		A6C039131E1A9AE3000C44E9 /* WeiBoOAuthViewController.swift */ = {isa = PBXFileReference; fileEncoding = 4; lastKnownFileType = sourcecode.swift; path = WeiBoOAuthViewController.swift; sourceTree = "<group>"; };
		A6FD3EC11E097CD6009622C3 /* Weibo.app */ = {isa = PBXFileReference; explicitFileType = wrapper.application; includeInIndex = 0; path = Weibo.app; sourceTree = BUILT_PRODUCTS_DIR; };
		A6FD3EC41E097CD6009622C3 /* AppDelegate.swift */ = {isa = PBXFileReference; lastKnownFileType = sourcecode.swift; path = AppDelegate.swift; sourceTree = "<group>"; };
		A6FD3EC91E097CD6009622C3 /* Base */ = {isa = PBXFileReference; lastKnownFileType = file.storyboard; name = Base; path = Base.lproj/Main.storyboard; sourceTree = "<group>"; };
		A6FD3ECB1E097CD6009622C3 /* Assets.xcassets */ = {isa = PBXFileReference; lastKnownFileType = folder.assetcatalog; path = Assets.xcassets; sourceTree = "<group>"; };
		A6FD3ECE1E097CD6009622C3 /* Base */ = {isa = PBXFileReference; lastKnownFileType = file.storyboard; name = Base; path = Base.lproj/LaunchScreen.storyboard; sourceTree = "<group>"; };
		A6FD3ED01E097CD6009622C3 /* Info.plist */ = {isa = PBXFileReference; lastKnownFileType = text.plist.xml; path = Info.plist; sourceTree = "<group>"; };
		A6FD3EE01E09FBB2009622C3 /* WeiBoMainViewController.swift */ = {isa = PBXFileReference; fileEncoding = 4; lastKnownFileType = sourcecode.swift; path = WeiBoMainViewController.swift; sourceTree = "<group>"; };
		A6FD3EE21E09FC2D009622C3 /* WeiBoNavigationController.swift */ = {isa = PBXFileReference; fileEncoding = 4; lastKnownFileType = sourcecode.swift; path = WeiBoNavigationController.swift; sourceTree = "<group>"; };
		A6FD3EE41E09FC7F009622C3 /* WeiBoBaseViewController.swift */ = {isa = PBXFileReference; fileEncoding = 4; lastKnownFileType = sourcecode.swift; path = WeiBoBaseViewController.swift; sourceTree = "<group>"; };
		A6FD3EE61E09FCD8009622C3 /* WeiBoHomeViewController.swift */ = {isa = PBXFileReference; fileEncoding = 4; lastKnownFileType = sourcecode.swift; path = WeiBoHomeViewController.swift; sourceTree = "<group>"; };
		A6FD3EE81E09FCFE009622C3 /* WeiBoMessageViewController.swift */ = {isa = PBXFileReference; fileEncoding = 4; lastKnownFileType = sourcecode.swift; path = WeiBoMessageViewController.swift; sourceTree = "<group>"; };
		A6FD3EEA1E09FD14009622C3 /* WeiBoDiscoverViewController.swift */ = {isa = PBXFileReference; fileEncoding = 4; lastKnownFileType = sourcecode.swift; path = WeiBoDiscoverViewController.swift; sourceTree = "<group>"; };
		A6FD3EEC1E09FD31009622C3 /* WeiBoProfileViewController.swift */ = {isa = PBXFileReference; fileEncoding = 4; lastKnownFileType = sourcecode.swift; path = WeiBoProfileViewController.swift; sourceTree = "<group>"; };
		A6FD3EEF1E0A02AB009622C3 /* Bundle+Extension.swift */ = {isa = PBXFileReference; fileEncoding = 4; lastKnownFileType = sourcecode.swift; path = "Bundle+Extension.swift"; sourceTree = "<group>"; };
		A6FD3EFD1E0FF3A3009622C3 /* UIButton+Extension.swift */ = {isa = PBXFileReference; fileEncoding = 4; lastKnownFileType = sourcecode.swift; path = "UIButton+Extension.swift"; sourceTree = "<group>"; };
		A6FD3F021E100CEE009622C3 /* UIBarButtonItem+Extension.swift */ = {isa = PBXFileReference; fileEncoding = 4; lastKnownFileType = sourcecode.swift; path = "UIBarButtonItem+Extension.swift"; sourceTree = "<group>"; };
		A6FD3F041E101050009622C3 /* TitleButton.swift */ = {isa = PBXFileReference; fileEncoding = 4; lastKnownFileType = sourcecode.swift; path = TitleButton.swift; sourceTree = "<group>"; };
		B52542BE89EA85B84EA8CB95 /* Pods-Weibo.release.xcconfig */ = {isa = PBXFileReference; includeInIndex = 1; lastKnownFileType = text.xcconfig; name = "Pods-Weibo.release.xcconfig"; path = "Pods/Target Support Files/Pods-Weibo/Pods-Weibo.release.xcconfig"; sourceTree = "<group>"; };
		FD4280B9E94671A1E85C9258 /* Pods_Weibo.framework */ = {isa = PBXFileReference; explicitFileType = wrapper.framework; includeInIndex = 0; path = Pods_Weibo.framework; sourceTree = BUILT_PRODUCTS_DIR; };
/* End PBXFileReference section */

/* Begin PBXFrameworksBuildPhase section */
		A6FD3EBE1E097CD6009622C3 /* Frameworks */ = {
			isa = PBXFrameworksBuildPhase;
			buildActionMask = 2147483647;
			files = (
				FA917DC6164F71B1EBDFC6DA /* Pods_Weibo.framework in Frameworks */,
			);
			runOnlyForDeploymentPostprocessing = 0;
		};
/* End PBXFrameworksBuildPhase section */

/* Begin PBXGroup section */
		A61EF16F1E2137BC00FA0655 /* TitileButton */ = {
			isa = PBXGroup;
			children = (
				A61EF1701E2137D800FA0655 /* WeiBoTitleButton.swift */,
			);
			name = TitileButton;
			sourceTree = "<group>";
		};
		A6479A371E1D3024002C6A0B /* Model */ = {
			isa = PBXGroup;
			children = (
				A6479A381E1D3047002C6A0B /* WeiBoUserAccount.swift */,
			);
			path = Model;
			sourceTree = "<group>";
		};
		A6B2ACEA1E2209EA00A39D67 /* NewFeature */ = {
			isa = PBXGroup;
			children = (
				A6B2ACEB1E220A0D00A39D67 /* WeiBoWelcomeView.swift */,
				A6B2ACED1E220A7700A39D67 /* WeiBoNewFeatureView.swift */,
				A6B2ACF11E2216C000A39D67 /* WeiBoWelcomeView.xib */,
				A6B2ACF51E22365500A39D67 /* WeiBoNewFeatureView.xib */,
			);
			path = NewFeature;
			sourceTree = "<group>";
		};
		A6B2ACF71E2269B200A39D67 /* WeiBoCell */ = {
			isa = PBXGroup;
			children = (
				A6B2ACF81E2269EC00A39D67 /* WeiBoStatusCell.swift */,
				A6B2ACFA1E226A0C00A39D67 /* WeiBoStatusNormalCell.xib */,
			);
			path = WeiBoCell;
			sourceTree = "<group>";
		};
		A6C039011E189A85000C44E9 /* NetWork */ = {
			isa = PBXGroup;
			children = (
				A6479A371E1D3024002C6A0B /* Model */,
				A6C039021E189AF6000C44E9 /* WeiBoNetWorkManager.swift */,
				A6C039041E18A927000C44E9 /* WeiBoNetWorkManage+Extension.swift */,
			);
			path = NetWork;
			sourceTree = "<group>";
		};
		A6C0390C1E1A9A2E000C44E9 /* OAuth */ = {
			isa = PBXGroup;
			children = (
				A6C039131E1A9AE3000C44E9 /* WeiBoOAuthViewController.swift */,
			);
			path = OAuth;
			sourceTree = "<group>";
		};
		A6C0390D1E1A9A46000C44E9 /* Test */ = {
			isa = PBXGroup;
			children = (
				A6C0390E1E1A9A46000C44E9 /* WeiboDemoViewController.swift */,
			);
			path = Test;
			sourceTree = "<group>";
		};
		A6C039101E1A9A60000C44E9 /* VisitorView */ = {
			isa = PBXGroup;
			children = (
				A6C039111E1A9A60000C44E9 /* WeiboVisitorView.swift */,
			);
			path = VisitorView;
			sourceTree = "<group>";
		};
		A6FD3EB81E097CD6009622C3 = {
			isa = PBXGroup;
			children = (
				A6FD3EC31E097CD6009622C3 /* Weibo */,
				A6FD3EC21E097CD6009622C3 /* Products */,
				DF90B9B28C9F01BC26A08340 /* Pods */,
				D6325A7400D4FDB617593EC0 /* Frameworks */,
			);
			sourceTree = "<group>";
		};
		A6FD3EC21E097CD6009622C3 /* Products */ = {
			isa = PBXGroup;
			children = (
				A6FD3EC11E097CD6009622C3 /* Weibo.app */,
			);
			name = Products;
			sourceTree = "<group>";
		};
		A6FD3EC31E097CD6009622C3 /* Weibo */ = {
			isa = PBXGroup;
			children = (
				A6FD3ED61E09FB1A009622C3 /* Classes */,
				A6FD3EC41E097CD6009622C3 /* AppDelegate.swift */,
				A6FD3EC81E097CD6009622C3 /* Main.storyboard */,
				A6FD3ECB1E097CD6009622C3 /* Assets.xcassets */,
				A6FD3ECD1E097CD6009622C3 /* LaunchScreen.storyboard */,
				A6FD3ED01E097CD6009622C3 /* Info.plist */,
			);
			path = Weibo;
			sourceTree = "<group>";
		};
		A6FD3ED61E09FB1A009622C3 /* Classes */ = {
			isa = PBXGroup;
			children = (
				A6FD3ED71E09FB1A009622C3 /* Model */,
				A6FD3EDF1E09FB1A009622C3 /* ViewModel */,
				A6FD3ED91E09FB1A009622C3 /* View */,
				A6FD3ED81E09FB1A009622C3 /* Tools */,
			);
			path = Classes;
			sourceTree = "<group>";
		};
		A6FD3ED71E09FB1A009622C3 /* Model */ = {
			isa = PBXGroup;
			children = (
				A6C039061E18FD6F000C44E9 /* WeiBoStatus.swift */,
				A6B2ACFC1E22782900A39D67 /* WeiBoUser.swift */,
			);
			path = Model;
			sourceTree = "<group>";
		};
		A6FD3ED81E09FB1A009622C3 /* Tools */ = {
			isa = PBXGroup;
			children = (
				A6C039011E189A85000C44E9 /* NetWork */,
				A6FD3EFA1E0EC1D9009622C3 /* Additions */,
				A6FD3EEE1E0A0266009622C3 /* Extension */,
				A6C0390A1E1A9702000C44E9 /* WeiBoCommon.swift */,
			);
			path = Tools;
			sourceTree = "<group>";
		};
		A6FD3ED91E09FB1A009622C3 /* View */ = {
			isa = PBXGroup;
			children = (
				A6FD3EDA1E09FB1A009622C3 /* Discover */,
				A6FD3EDB1E09FB1A009622C3 /* Home */,
				A6FD3EDC1E09FB1A009622C3 /* Main */,
				A6FD3EDD1E09FB1A009622C3 /* Message */,
				A6FD3EDE1E09FB1A009622C3 /* Profile */,
			);
			path = View;
			sourceTree = "<group>";
		};
		A6FD3EDA1E09FB1A009622C3 /* Discover */ = {
			isa = PBXGroup;
			children = (
				A6FD3EEA1E09FD14009622C3 /* WeiBoDiscoverViewController.swift */,
			);
			path = Discover;
			sourceTree = "<group>";
		};
		A6FD3EDB1E09FB1A009622C3 /* Home */ = {
			isa = PBXGroup;
			children = (
				A6B2ACF71E2269B200A39D67 /* WeiBoCell */,
				A61EF16F1E2137BC00FA0655 /* TitileButton */,
				A6FD3EE61E09FCD8009622C3 /* WeiBoHomeViewController.swift */,
			);
			path = Home;
			sourceTree = "<group>";
		};
		A6FD3EDC1E09FB1A009622C3 /* Main */ = {
			isa = PBXGroup;
			children = (
				A6B2ACEA1E2209EA00A39D67 /* NewFeature */,
				A6C039101E1A9A60000C44E9 /* VisitorView */,
				A6C0390D1E1A9A46000C44E9 /* Test */,
				A6C0390C1E1A9A2E000C44E9 /* OAuth */,
				A6C038FF1E17DEE5000C44E9 /* main.json */,
				A6FD3F061E12B3BC009622C3 /* MainControllers */,
				A6FD3EE41E09FC7F009622C3 /* WeiBoBaseViewController.swift */,
			);
			path = Main;
			sourceTree = "<group>";
		};
		A6FD3EDD1E09FB1A009622C3 /* Message */ = {
			isa = PBXGroup;
			children = (
				A6FD3EE81E09FCFE009622C3 /* WeiBoMessageViewController.swift */,
			);
			path = Message;
			sourceTree = "<group>";
		};
		A6FD3EDE1E09FB1A009622C3 /* Profile */ = {
			isa = PBXGroup;
			children = (
				A6FD3EEC1E09FD31009622C3 /* WeiBoProfileViewController.swift */,
			);
			path = Profile;
			sourceTree = "<group>";
		};
		A6FD3EDF1E09FB1A009622C3 /* ViewModel */ = {
			isa = PBXGroup;
			children = (
				A6C039081E190368000C44E9 /* WeiboStatusListModel.swift */,
				A6B2ACFE1E227BED00A39D67 /* WeiBoStatusViewModel.swift */,
			);
			path = ViewModel;
			sourceTree = "<group>";
		};
		A6FD3EEE1E0A0266009622C3 /* Extension */ = {
			isa = PBXGroup;
			children = (
				A6FD3EEF1E0A02AB009622C3 /* Bundle+Extension.swift */,
				A6FD3EFD1E0FF3A3009622C3 /* UIButton+Extension.swift */,
				A6FD3F021E100CEE009622C3 /* UIBarButtonItem+Extension.swift */,
				A68C4DBE1E14879F00CEECA4 /* UIlabel+extension.swift */,
				A6C038FD1E169F64000C44E9 /* UIColor+extension.swift */,
				A698FC8B1E1E8BCF001EA725 /* NSString+Extension.swift */,
			);
			name = Extension;
			sourceTree = "<group>";
		};
		A6FD3EFA1E0EC1D9009622C3 /* Additions */ = {
			isa = PBXGroup;
			children = (
				A6FD3F041E101050009622C3 /* TitleButton.swift */,
			);
			name = Additions;
			sourceTree = "<group>";
		};
		A6FD3F061E12B3BC009622C3 /* MainControllers */ = {
			isa = PBXGroup;
			children = (
				A6FD3EE01E09FBB2009622C3 /* WeiBoMainViewController.swift */,
				A6FD3EE21E09FC2D009622C3 /* WeiBoNavigationController.swift */,
			);
			name = MainControllers;
			sourceTree = "<group>";
		};
		D6325A7400D4FDB617593EC0 /* Frameworks */ = {
			isa = PBXGroup;
			children = (
				FD4280B9E94671A1E85C9258 /* Pods_Weibo.framework */,
			);
			name = Frameworks;
			sourceTree = "<group>";
		};
		DF90B9B28C9F01BC26A08340 /* Pods */ = {
			isa = PBXGroup;
			children = (
				5E147C76114FB007E5A6986A /* Pods-Weibo.debug.xcconfig */,
				B52542BE89EA85B84EA8CB95 /* Pods-Weibo.release.xcconfig */,
			);
			name = Pods;
			sourceTree = "<group>";
		};
/* End PBXGroup section */

/* Begin PBXNativeTarget section */
		A6FD3EC01E097CD6009622C3 /* Weibo */ = {
			isa = PBXNativeTarget;
			buildConfigurationList = A6FD3ED31E097CD6009622C3 /* Build configuration list for PBXNativeTarget "Weibo" */;
			buildPhases = (
				187675D2BAE796162C9C8475 /* [CP] Check Pods Manifest.lock */,
				A6FD3EBD1E097CD6009622C3 /* Sources */,
				A6FD3EBE1E097CD6009622C3 /* Frameworks */,
				A6FD3EBF1E097CD6009622C3 /* Resources */,
				6E01E10E5447105C006F59C9 /* [CP] Embed Pods Frameworks */,
				1B193177619FC0C223ABD28F /* [CP] Copy Pods Resources */,
			);
			buildRules = (
			);
			dependencies = (
			);
			name = Weibo;
			productName = Weibo;
			productReference = A6FD3EC11E097CD6009622C3 /* Weibo.app */;
			productType = "com.apple.product-type.application";
		};
/* End PBXNativeTarget section */

/* Begin PBXProject section */
		A6FD3EB91E097CD6009622C3 /* Project object */ = {
			isa = PBXProject;
			attributes = {
				LastSwiftUpdateCheck = 0810;
				LastUpgradeCheck = 0820;
				ORGANIZATIONNAME = "袁 峰";
				TargetAttributes = {
					A6FD3EC01E097CD6009622C3 = {
						CreatedOnToolsVersion = 8.1;
						DevelopmentTeam = E723DS9NC5;
						ProvisioningStyle = Automatic;
					};
				};
			};
			buildConfigurationList = A6FD3EBC1E097CD6009622C3 /* Build configuration list for PBXProject "Weibo" */;
			compatibilityVersion = "Xcode 3.2";
			developmentRegion = English;
			hasScannedForEncodings = 0;
			knownRegions = (
				en,
				Base,
			);
			mainGroup = A6FD3EB81E097CD6009622C3;
			productRefGroup = A6FD3EC21E097CD6009622C3 /* Products */;
			projectDirPath = "";
			projectRoot = "";
			targets = (
				A6FD3EC01E097CD6009622C3 /* Weibo */,
			);
		};
/* End PBXProject section */

/* Begin PBXResourcesBuildPhase section */
		A6FD3EBF1E097CD6009622C3 /* Resources */ = {
			isa = PBXResourcesBuildPhase;
			buildActionMask = 2147483647;
			files = (
				A6FD3ECF1E097CD6009622C3 /* LaunchScreen.storyboard in Resources */,
				A6B2ACF61E22365500A39D67 /* WeiBoNewFeatureView.xib in Resources */,
				A6FD3ECC1E097CD6009622C3 /* Assets.xcassets in Resources */,
				A6C039001E17DEE5000C44E9 /* main.json in Resources */,
				A6B2ACFB1E226A0C00A39D67 /* WeiBoStatusNormalCell.xib in Resources */,
				A6FD3ECA1E097CD6009622C3 /* Main.storyboard in Resources */,
				A6B2ACF21E2216C000A39D67 /* WeiBoWelcomeView.xib in Resources */,
			);
			runOnlyForDeploymentPostprocessing = 0;
		};
/* End PBXResourcesBuildPhase section */

/* Begin PBXShellScriptBuildPhase section */
		187675D2BAE796162C9C8475 /* [CP] Check Pods Manifest.lock */ = {
			isa = PBXShellScriptBuildPhase;
			buildActionMask = 2147483647;
			files = (
			);
			inputPaths = (
			);
			name = "[CP] Check Pods Manifest.lock";
			outputPaths = (
			);
			runOnlyForDeploymentPostprocessing = 0;
			shellPath = /bin/sh;
			shellScript = "diff \"${PODS_ROOT}/../Podfile.lock\" \"${PODS_ROOT}/Manifest.lock\" > /dev/null\nif [ $? != 0 ] ; then\n    # print error to STDERR\n    echo \"error: The sandbox is not in sync with the Podfile.lock. Run 'pod install' or update your CocoaPods installation.\" >&2\n    exit 1\nfi\n";
			showEnvVarsInLog = 0;
		};
		1B193177619FC0C223ABD28F /* [CP] Copy Pods Resources */ = {
			isa = PBXShellScriptBuildPhase;
			buildActionMask = 2147483647;
			files = (
			);
			inputPaths = (
			);
			name = "[CP] Copy Pods Resources";
			outputPaths = (
			);
			runOnlyForDeploymentPostprocessing = 0;
			shellPath = /bin/sh;
			shellScript = "\"${SRCROOT}/Pods/Target Support Files/Pods-Weibo/Pods-Weibo-resources.sh\"\n";
			showEnvVarsInLog = 0;
		};
		6E01E10E5447105C006F59C9 /* [CP] Embed Pods Frameworks */ = {
			isa = PBXShellScriptBuildPhase;
			buildActionMask = 2147483647;
			files = (
			);
			inputPaths = (
			);
			name = "[CP] Embed Pods Frameworks";
			outputPaths = (
			);
			runOnlyForDeploymentPostprocessing = 0;
			shellPath = /bin/sh;
			shellScript = "\"${SRCROOT}/Pods/Target Support Files/Pods-Weibo/Pods-Weibo-frameworks.sh\"\n";
			showEnvVarsInLog = 0;
		};
/* End PBXShellScriptBuildPhase section */

/* Begin PBXSourcesBuildPhase section */
		A6FD3EBD1E097CD6009622C3 /* Sources */ = {
			isa = PBXSourcesBuildPhase;
			buildActionMask = 2147483647;
			files = (
				A6C039091E190368000C44E9 /* WeiboStatusListModel.swift in Sources */,
				A6C039121E1A9A60000C44E9 /* WeiboVisitorView.swift in Sources */,
				A68C4DBF1E14879F00CEECA4 /* UIlabel+extension.swift in Sources */,
				A6B2ACEE1E220A7700A39D67 /* WeiBoNewFeatureView.swift in Sources */,
				A698FC8C1E1E8BCF001EA725 /* NSString+Extension.swift in Sources */,
				A6FD3EEB1E09FD14009622C3 /* WeiBoDiscoverViewController.swift in Sources */,
				A6FD3F051E101050009622C3 /* TitleButton.swift in Sources */,
				A6FD3EF01E0A02AB009622C3 /* Bundle+Extension.swift in Sources */,
				A6C0390F1E1A9A46000C44E9 /* WeiboDemoViewController.swift in Sources */,
				A6FD3EFE1E0FF3A3009622C3 /* UIButton+Extension.swift in Sources */,
				A6C0390B1E1A9702000C44E9 /* WeiBoCommon.swift in Sources */,
				A6FD3F031E100CEE009622C3 /* UIBarButtonItem+Extension.swift in Sources */,
				A6C038FE1E169F64000C44E9 /* UIColor+extension.swift in Sources */,
				A6FD3EE31E09FC2D009622C3 /* WeiBoNavigationController.swift in Sources */,
				A6FD3EE11E09FBB2009622C3 /* WeiBoMainViewController.swift in Sources */,
				A6B2ACEC1E220A0D00A39D67 /* WeiBoWelcomeView.swift in Sources */,
				A6FD3EE71E09FCD8009622C3 /* WeiBoHomeViewController.swift in Sources */,
				A61EF1711E2137D800FA0655 /* WeiBoTitleButton.swift in Sources */,
				A6B2ACF91E2269EC00A39D67 /* WeiBoStatusCell.swift in Sources */,
				A6FD3EED1E09FD31009622C3 /* WeiBoProfileViewController.swift in Sources */,
				A6B2ACFF1E227BED00A39D67 /* WeiBoStatusViewModel.swift in Sources */,
				A6479A391E1D3047002C6A0B /* WeiBoUserAccount.swift in Sources */,
				A6B2ACFD1E22782900A39D67 /* WeiBoUser.swift in Sources */,
				A6FD3EE91E09FCFE009622C3 /* WeiBoMessageViewController.swift in Sources */,
				A6C039071E18FD6F000C44E9 /* WeiBoStatus.swift in Sources */,
				A6C039141E1A9AE3000C44E9 /* WeiBoOAuthViewController.swift in Sources */,
				A6C039051E18A927000C44E9 /* WeiBoNetWorkManage+Extension.swift in Sources */,
				A6FD3EC51E097CD6009622C3 /* AppDelegate.swift in Sources */,
				A6FD3EE51E09FC7F009622C3 /* WeiBoBaseViewController.swift in Sources */,
				A6C039031E189AF6000C44E9 /* WeiBoNetWorkManager.swift in Sources */,
			);
			runOnlyForDeploymentPostprocessing = 0;
		};
/* End PBXSourcesBuildPhase section */

/* Begin PBXVariantGroup section */
		A6FD3EC81E097CD6009622C3 /* Main.storyboard */ = {
			isa = PBXVariantGroup;
			children = (
				A6FD3EC91E097CD6009622C3 /* Base */,
			);
			name = Main.storyboard;
			sourceTree = "<group>";
		};
		A6FD3ECD1E097CD6009622C3 /* LaunchScreen.storyboard */ = {
			isa = PBXVariantGroup;
			children = (
				A6FD3ECE1E097CD6009622C3 /* Base */,
			);
			name = LaunchScreen.storyboard;
			sourceTree = "<group>";
		};
/* End PBXVariantGroup section */

/* Begin XCBuildConfiguration section */
		A6FD3ED11E097CD6009622C3 /* Debug */ = {
			isa = XCBuildConfiguration;
			buildSettings = {
				ALWAYS_SEARCH_USER_PATHS = NO;
				CLANG_ANALYZER_NONNULL = YES;
				CLANG_CXX_LANGUAGE_STANDARD = "gnu++0x";
				CLANG_CXX_LIBRARY = "libc++";
				CLANG_ENABLE_MODULES = YES;
				CLANG_ENABLE_OBJC_ARC = YES;
				CLANG_WARN_BOOL_CONVERSION = YES;
				CLANG_WARN_CONSTANT_CONVERSION = YES;
				CLANG_WARN_DIRECT_OBJC_ISA_USAGE = YES_ERROR;
				CLANG_WARN_DOCUMENTATION_COMMENTS = YES;
				CLANG_WARN_EMPTY_BODY = YES;
				CLANG_WARN_ENUM_CONVERSION = YES;
				CLANG_WARN_INFINITE_RECURSION = YES;
				CLANG_WARN_INT_CONVERSION = YES;
				CLANG_WARN_OBJC_ROOT_CLASS = YES_ERROR;
				CLANG_WARN_SUSPICIOUS_MOVE = YES;
				CLANG_WARN_SUSPICIOUS_MOVES = YES;
				CLANG_WARN_UNREACHABLE_CODE = YES;
				CLANG_WARN__DUPLICATE_METHOD_MATCH = YES;
				"CODE_SIGN_IDENTITY[sdk=iphoneos*]" = "iPhone Developer";
				COPY_PHASE_STRIP = NO;
				DEBUG_INFORMATION_FORMAT = dwarf;
				ENABLE_STRICT_OBJC_MSGSEND = YES;
				ENABLE_TESTABILITY = YES;
				GCC_C_LANGUAGE_STANDARD = gnu99;
				GCC_DYNAMIC_NO_PIC = NO;
				GCC_NO_COMMON_BLOCKS = YES;
				GCC_OPTIMIZATION_LEVEL = 0;
				GCC_PREPROCESSOR_DEFINITIONS = (
					"DEBUG=1",
					"$(inherited)",
				);
				GCC_WARN_64_TO_32_BIT_CONVERSION = YES;
				GCC_WARN_ABOUT_RETURN_TYPE = YES_ERROR;
				GCC_WARN_UNDECLARED_SELECTOR = YES;
				GCC_WARN_UNINITIALIZED_AUTOS = YES_AGGRESSIVE;
				GCC_WARN_UNUSED_FUNCTION = YES;
				GCC_WARN_UNUSED_VARIABLE = YES;
				IPHONEOS_DEPLOYMENT_TARGET = 10.1;
				MTL_ENABLE_DEBUG_INFO = YES;
				ONLY_ACTIVE_ARCH = YES;
				SDKROOT = iphoneos;
				SWIFT_ACTIVE_COMPILATION_CONDITIONS = DEBUG;
				SWIFT_OPTIMIZATION_LEVEL = "-Onone";
			};
			name = Debug;
		};
		A6FD3ED21E097CD6009622C3 /* Release */ = {
			isa = XCBuildConfiguration;
			buildSettings = {
				ALWAYS_SEARCH_USER_PATHS = NO;
				CLANG_ANALYZER_NONNULL = YES;
				CLANG_CXX_LANGUAGE_STANDARD = "gnu++0x";
				CLANG_CXX_LIBRARY = "libc++";
				CLANG_ENABLE_MODULES = YES;
				CLANG_ENABLE_OBJC_ARC = YES;
				CLANG_WARN_BOOL_CONVERSION = YES;
				CLANG_WARN_CONSTANT_CONVERSION = YES;
				CLANG_WARN_DIRECT_OBJC_ISA_USAGE = YES_ERROR;
				CLANG_WARN_DOCUMENTATION_COMMENTS = YES;
				CLANG_WARN_EMPTY_BODY = YES;
				CLANG_WARN_ENUM_CONVERSION = YES;
				CLANG_WARN_INFINITE_RECURSION = YES;
				CLANG_WARN_INT_CONVERSION = YES;
				CLANG_WARN_OBJC_ROOT_CLASS = YES_ERROR;
				CLANG_WARN_SUSPICIOUS_MOVE = YES;
				CLANG_WARN_SUSPICIOUS_MOVES = YES;
				CLANG_WARN_UNREACHABLE_CODE = YES;
				CLANG_WARN__DUPLICATE_METHOD_MATCH = YES;
				"CODE_SIGN_IDENTITY[sdk=iphoneos*]" = "iPhone Developer";
				COPY_PHASE_STRIP = NO;
				DEBUG_INFORMATION_FORMAT = "dwarf-with-dsym";
				ENABLE_NS_ASSERTIONS = NO;
				ENABLE_STRICT_OBJC_MSGSEND = YES;
				GCC_C_LANGUAGE_STANDARD = gnu99;
				GCC_NO_COMMON_BLOCKS = YES;
				GCC_WARN_64_TO_32_BIT_CONVERSION = YES;
				GCC_WARN_ABOUT_RETURN_TYPE = YES_ERROR;
				GCC_WARN_UNDECLARED_SELECTOR = YES;
				GCC_WARN_UNINITIALIZED_AUTOS = YES_AGGRESSIVE;
				GCC_WARN_UNUSED_FUNCTION = YES;
				GCC_WARN_UNUSED_VARIABLE = YES;
				IPHONEOS_DEPLOYMENT_TARGET = 10.1;
				MTL_ENABLE_DEBUG_INFO = NO;
				SDKROOT = iphoneos;
				SWIFT_OPTIMIZATION_LEVEL = "-Owholemodule";
				VALIDATE_PRODUCT = YES;
			};
			name = Release;
		};
		A6FD3ED41E097CD6009622C3 /* Debug */ = {
			isa = XCBuildConfiguration;
			baseConfigurationReference = 5E147C76114FB007E5A6986A /* Pods-Weibo.debug.xcconfig */;
			buildSettings = {
				ALWAYS_EMBED_SWIFT_STANDARD_LIBRARIES = YES;
				ASSETCATALOG_COMPILER_APPICON_NAME = AppIcon;
				DEVELOPMENT_TEAM = E723DS9NC5;
				INFOPLIST_FILE = Weibo/Info.plist;
				IPHONEOS_DEPLOYMENT_TARGET = 10.1;
				LD_RUNPATH_SEARCH_PATHS = "$(inherited) @executable_path/Frameworks";
				PRODUCT_BUNDLE_IDENTIFIER = com.ityike.Weibo;
				PRODUCT_NAME = "$(TARGET_NAME)";
				SWIFT_VERSION = 3.0;
				TARGETED_DEVICE_FAMILY = 1;
			};
			name = Debug;
		};
		A6FD3ED51E097CD6009622C3 /* Release */ = {
			isa = XCBuildConfiguration;
			baseConfigurationReference = B52542BE89EA85B84EA8CB95 /* Pods-Weibo.release.xcconfig */;
			buildSettings = {
				ALWAYS_EMBED_SWIFT_STANDARD_LIBRARIES = YES;
				ASSETCATALOG_COMPILER_APPICON_NAME = AppIcon;
				DEVELOPMENT_TEAM = E723DS9NC5;
				INFOPLIST_FILE = Weibo/Info.plist;
				IPHONEOS_DEPLOYMENT_TARGET = 10.1;
				LD_RUNPATH_SEARCH_PATHS = "$(inherited) @executable_path/Frameworks";
				PRODUCT_BUNDLE_IDENTIFIER = com.ityike.Weibo;
				PRODUCT_NAME = "$(TARGET_NAME)";
				SWIFT_VERSION = 3.0;
				TARGETED_DEVICE_FAMILY = 1;
			};
			name = Release;
		};
/* End XCBuildConfiguration section */

/* Begin XCConfigurationList section */
		A6FD3EBC1E097CD6009622C3 /* Build configuration list for PBXProject "Weibo" */ = {
			isa = XCConfigurationList;
			buildConfigurations = (
				A6FD3ED11E097CD6009622C3 /* Debug */,
				A6FD3ED21E097CD6009622C3 /* Release */,
			);
			defaultConfigurationIsVisible = 0;
			defaultConfigurationName = Release;
		};
		A6FD3ED31E097CD6009622C3 /* Build configuration list for PBXNativeTarget "Weibo" */ = {
			isa = XCConfigurationList;
			buildConfigurations = (
				A6FD3ED41E097CD6009622C3 /* Debug */,
				A6FD3ED51E097CD6009622C3 /* Release */,
			);
			defaultConfigurationIsVisible = 0;
			defaultConfigurationName = Release;
		};
/* End XCConfigurationList section */
	};
	rootObject = A6FD3EB91E097CD6009622C3 /* Project object */;
}
