// !$*UTF8*$!
{
	archiveVersion = 1;
	classes = {
	};
	objectVersion = 46;
	objects = {

/* Begin PBXBuildFile section */
		A68C4DBD1E140CBD00CEECA4 /* WeiboVisitorView.swift in Sources */ = {isa = PBXBuildFile; fileRef = A68C4DBC1E140CBD00CEECA4 /* WeiboVisitorView.swift */; };
		A68C4DBF1E14879F00CEECA4 /* UIlabel+extension.swift in Sources */ = {isa = PBXBuildFile; fileRef = A68C4DBE1E14879F00CEECA4 /* UIlabel+extension.swift */; };
		A6BE01941E17AA4B00854CE6 /* main.json in Resources */ = {isa = PBXBuildFile; fileRef = A6BE01931E17AA4B00854CE6 /* main.json */; };
		A6C038FE1E169F64000C44E9 /* UIColor+extension.swift in Sources */ = {isa = PBXBuildFile; fileRef = A6C038FD1E169F64000C44E9 /* UIColor+extension.swift */; };
		A6FD3EC51E097CD6009622C3 /* AppDelegate.swift in Sources */ = {isa = PBXBuildFile; fileRef = A6FD3EC41E097CD6009622C3 /* AppDelegate.swift */; };
		A6FD3ECA1E097CD6009622C3 /* Main.storyboard in Resources */ = {isa = PBXBuildFile; fileRef = A6FD3EC81E097CD6009622C3 /* Main.storyboard */; };
		A6FD3ECC1E097CD6009622C3 /* Assets.xcassets in Resources */ = {isa = PBXBuildFile; fileRef = A6FD3ECB1E097CD6009622C3 /* Assets.xcassets */; };
		A6FD3ECF1E097CD6009622C3 /* LaunchScreen.storyboard in Resources */ = {isa = PBXBuildFile; fileRef = A6FD3ECD1E097CD6009622C3 /* LaunchScreen.storyboard */; };
		A6FD3EE11E09FBB2009622C3 /* WeiBoMainViewController.swift in Sources */ = {isa = PBXBuildFile; fileRef = A6FD3EE01E09FBB2009622C3 /* WeiBoMainViewController.swift */; };
		A6FD3EE31E09FC2D009622C3 /* WeiBoNavigationController.swift in Sources */ = {isa = PBXBuildFile; fileRef = A6FD3EE21E09FC2D009622C3 /* WeiBoNavigationController.swift */; };
		A6FD3EE51E09FC7F009622C3 /* WeiBoBaseViewController.swift in Sources */ = {isa = PBXBuildFile; fileRef = A6FD3EE41E09FC7F009622C3 /* WeiBoBaseViewController.swift */; };
		A6FD3EE71E09FCD8009622C3 /* WeiBoHomeViewController.swift in Sources */ = {isa = PBXBuildFile; fileRef = A6FD3EE61E09FCD8009622C3 /* WeiBoHomeViewController.swift */; };
		A6FD3EE91E09FCFE009622C3 /* WeiBoMessageViewController.swift in Sources */ = {isa = PBXBuildFile; fileRef = A6FD3EE81E09FCFE009622C3 /* WeiBoMessageViewController.swift */; };
		A6FD3EEB1E09FD14009622C3 /* WeiBoDiscoverViewController.swift in Sources */ = {isa = PBXBuildFile; fileRef = A6FD3EEA1E09FD14009622C3 /* WeiBoDiscoverViewController.swift */; };
		A6FD3EED1E09FD31009622C3 /* WeiBoProfileViewController.swift in Sources */ = {isa = PBXBuildFile; fileRef = A6FD3EEC1E09FD31009622C3 /* WeiBoProfileViewController.swift */; };
		A6FD3EF01E0A02AB009622C3 /* Bundle+Extension.swift in Sources */ = {isa = PBXBuildFile; fileRef = A6FD3EEF1E0A02AB009622C3 /* Bundle+Extension.swift */; };
		A6FD3EFE1E0FF3A3009622C3 /* UIButton+Extension.swift in Sources */ = {isa = PBXBuildFile; fileRef = A6FD3EFD1E0FF3A3009622C3 /* UIButton+Extension.swift */; };
		A6FD3F011E100151009622C3 /* WeiboDemoViewController.swift in Sources */ = {isa = PBXBuildFile; fileRef = A6FD3F001E100151009622C3 /* WeiboDemoViewController.swift */; };
		A6FD3F031E100CEE009622C3 /* UIBarButtonItem+Extension.swift in Sources */ = {isa = PBXBuildFile; fileRef = A6FD3F021E100CEE009622C3 /* UIBarButtonItem+Extension.swift */; };
		A6FD3F051E101050009622C3 /* TitleButton.swift in Sources */ = {isa = PBXBuildFile; fileRef = A6FD3F041E101050009622C3 /* TitleButton.swift */; };
/* End PBXBuildFile section */

/* Begin PBXFileReference section */
		A68C4DBC1E140CBD00CEECA4 /* WeiboVisitorView.swift */ = {isa = PBXFileReference; fileEncoding = 4; lastKnownFileType = sourcecode.swift; path = WeiboVisitorView.swift; sourceTree = "<group>"; };
		A68C4DBE1E14879F00CEECA4 /* UIlabel+extension.swift */ = {isa = PBXFileReference; fileEncoding = 4; lastKnownFileType = sourcecode.swift; path = "UIlabel+extension.swift"; sourceTree = "<group>"; };
		A6BE01931E17AA4B00854CE6 /* main.json */ = {isa = PBXFileReference; fileEncoding = 4; lastKnownFileType = text.json; name = main.json; path = ../../../../../Desktop/main.json; sourceTree = "<group>"; };
		A6C038FD1E169F64000C44E9 /* UIColor+extension.swift */ = {isa = PBXFileReference; fileEncoding = 4; lastKnownFileType = sourcecode.swift; path = "UIColor+extension.swift"; sourceTree = "<group>"; };
		A6FD3EC11E097CD6009622C3 /* Weibo.app */ = {isa = PBXFileReference; explicitFileType = wrapper.application; includeInIndex = 0; path = Weibo.app; sourceTree = BUILT_PRODUCTS_DIR; };
		A6FD3EC41E097CD6009622C3 /* AppDelegate.swift */ = {isa = PBXFileReference; lastKnownFileType = sourcecode.swift; path = AppDelegate.swift; sourceTree = "<group>"; };
		A6FD3EC91E097CD6009622C3 /* Base */ = {isa = PBXFileReference; lastKnownFileType = file.storyboard; name = Base; path = Base.lproj/Main.storyboard; sourceTree = "<group>"; };
		A6FD3ECB1E097CD6009622C3 /* Assets.xcassets */ = {isa = PBXFileReference; lastKnownFileType = folder.assetcatalog; path = Assets.xcassets; sourceTree = "<group>"; };
		A6FD3ECE1E097CD6009622C3 /* Base */ = {isa = PBXFileReference; lastKnownFileType = file.storyboard; name = Base; path = Base.lproj/LaunchScreen.storyboard; sourceTree = "<group>"; };
		A6FD3ED01E097CD6009622C3 /* Info.plist */ = {isa = PBXFileReference; lastKnownFileType = text.plist.xml; path = Info.plist; sourceTree = "<group>"; };
		A6FD3EE01E09FBB2009622C3 /* WeiBoMainViewController.swift */ = {isa = PBXFileReference; fileEncoding = 4; lastKnownFileType = sourcecode.swift; path = WeiBoMainViewController.swift; sourceTree = "<group>"; };
		A6FD3EE21E09FC2D009622C3 /* WeiBoNavigationController.swift */ = {isa = PBXFileReference; fileEncoding = 4; lastKnownFileType = sourcecode.swift; path = WeiBoNavigationController.swift; sourceTree = "<group>"; };
		A6FD3EE41E09FC7F009622C3 /* WeiBoBaseViewController.swift */ = {isa = PBXFileReference; fileEncoding = 4; lastKnownFileType = sourcecode.swift; path = WeiBoBaseViewController.swift; sourceTree = "<group>"; };
		A6FD3EE61E09FCD8009622C3 /* WeiBoHomeViewController.swift */ = {isa = PBXFileReference; fileEncoding = 4; lastKnownFileType = sourcecode.swift; path = WeiBoHomeViewController.swift; sourceTree = "<group>"; };
		A6FD3EE81E09FCFE009622C3 /* WeiBoMessageViewController.swift */ = {isa = PBXFileReference; fileEncoding = 4; lastKnownFileType = sourcecode.swift; path = WeiBoMessageViewController.swift; sourceTree = "<group>"; };
		A6FD3EEA1E09FD14009622C3 /* WeiBoDiscoverViewController.swift */ = {isa = PBXFileReference; fileEncoding = 4; lastKnownFileType = sourcecode.swift; path = WeiBoDiscoverViewController.swift; sourceTree = "<group>"; };
		A6FD3EEC1E09FD31009622C3 /* WeiBoProfileViewController.swift */ = {isa = PBXFileReference; fileEncoding = 4; lastKnownFileType = sourcecode.swift; path = WeiBoProfileViewController.swift; sourceTree = "<group>"; };
		A6FD3EEF1E0A02AB009622C3 /* Bundle+Extension.swift */ = {isa = PBXFileReference; fileEncoding = 4; lastKnownFileType = sourcecode.swift; path = "Bundle+Extension.swift"; sourceTree = "<group>"; };
		A6FD3EFD1E0FF3A3009622C3 /* UIButton+Extension.swift */ = {isa = PBXFileReference; fileEncoding = 4; lastKnownFileType = sourcecode.swift; path = "UIButton+Extension.swift"; sourceTree = "<group>"; };
		A6FD3F001E100151009622C3 /* WeiboDemoViewController.swift */ = {isa = PBXFileReference; fileEncoding = 4; lastKnownFileType = sourcecode.swift; path = WeiboDemoViewController.swift; sourceTree = "<group>"; };
		A6FD3F021E100CEE009622C3 /* UIBarButtonItem+Extension.swift */ = {isa = PBXFileReference; fileEncoding = 4; lastKnownFileType = sourcecode.swift; path = "UIBarButtonItem+Extension.swift"; sourceTree = "<group>"; };
		A6FD3F041E101050009622C3 /* TitleButton.swift */ = {isa = PBXFileReference; fileEncoding = 4; lastKnownFileType = sourcecode.swift; path = TitleButton.swift; sourceTree = "<group>"; };
/* End PBXFileReference section */

/* Begin PBXFrameworksBuildPhase section */
		A6FD3EBE1E097CD6009622C3 /* Frameworks */ = {
			isa = PBXFrameworksBuildPhase;
			buildActionMask = 2147483647;
			files = (
			);
			runOnlyForDeploymentPostprocessing = 0;
		};
/* End PBXFrameworksBuildPhase section */

/* Begin PBXGroup section */
		A68C4DBB1E140C6700CEECA4 /* VisitorView */ = {
			isa = PBXGroup;
			children = (
				A68C4DBC1E140CBD00CEECA4 /* WeiboVisitorView.swift */,
			);
			name = VisitorView;
			sourceTree = "<group>";
		};
		A6FD3EB81E097CD6009622C3 = {
			isa = PBXGroup;
			children = (
				A6FD3EC31E097CD6009622C3 /* Weibo */,
				A6FD3EC21E097CD6009622C3 /* Products */,
			);
			sourceTree = "<group>";
		};
		A6FD3EC21E097CD6009622C3 /* Products */ = {
			isa = PBXGroup;
			children = (
				A6FD3EC11E097CD6009622C3 /* Weibo.app */,
			);
			name = Products;
			sourceTree = "<group>";
		};
		A6FD3EC31E097CD6009622C3 /* Weibo */ = {
			isa = PBXGroup;
			children = (
				A6FD3ED61E09FB1A009622C3 /* Classes */,
				A6FD3EC41E097CD6009622C3 /* AppDelegate.swift */,
				A6FD3EC81E097CD6009622C3 /* Main.storyboard */,
				A6FD3ECB1E097CD6009622C3 /* Assets.xcassets */,
				A6FD3ECD1E097CD6009622C3 /* LaunchScreen.storyboard */,
				A6FD3ED01E097CD6009622C3 /* Info.plist */,
			);
			path = Weibo;
			sourceTree = "<group>";
		};
		A6FD3ED61E09FB1A009622C3 /* Classes */ = {
			isa = PBXGroup;
			children = (
				A6FD3ED71E09FB1A009622C3 /* Model */,
				A6FD3ED91E09FB1A009622C3 /* View */,
				A6FD3EDF1E09FB1A009622C3 /* ViewModel */,
				A6FD3ED81E09FB1A009622C3 /* Tools */,
			);
			path = Classes;
			sourceTree = "<group>";
		};
		A6FD3ED71E09FB1A009622C3 /* Model */ = {
			isa = PBXGroup;
			children = (
			);
			path = Model;
			sourceTree = "<group>";
		};
		A6FD3ED81E09FB1A009622C3 /* Tools */ = {
			isa = PBXGroup;
			children = (
				A6FD3EFA1E0EC1D9009622C3 /* Additions */,
				A6FD3EEE1E0A0266009622C3 /* Extension */,
			);
			path = Tools;
			sourceTree = "<group>";
		};
		A6FD3ED91E09FB1A009622C3 /* View */ = {
			isa = PBXGroup;
			children = (
				A6FD3EDA1E09FB1A009622C3 /* Discover */,
				A6FD3EDB1E09FB1A009622C3 /* Home */,
				A6FD3EDC1E09FB1A009622C3 /* Main */,
				A6FD3EDD1E09FB1A009622C3 /* Message */,
				A6FD3EDE1E09FB1A009622C3 /* Profile */,
			);
			path = View;
			sourceTree = "<group>";
		};
		A6FD3EDA1E09FB1A009622C3 /* Discover */ = {
			isa = PBXGroup;
			children = (
				A6FD3EEA1E09FD14009622C3 /* WeiBoDiscoverViewController.swift */,
			);
			path = Discover;
			sourceTree = "<group>";
		};
		A6FD3EDB1E09FB1A009622C3 /* Home */ = {
			isa = PBXGroup;
			children = (
				A6FD3EE61E09FCD8009622C3 /* WeiBoHomeViewController.swift */,
			);
			path = Home;
			sourceTree = "<group>";
		};
		A6FD3EDC1E09FB1A009622C3 /* Main */ = {
			isa = PBXGroup;
			children = (
				A6BE01931E17AA4B00854CE6 /* main.json */,
				A68C4DBB1E140C6700CEECA4 /* VisitorView */,
				A6FD3EFF1E100125009622C3 /* Test */,
				A6FD3F061E12B3BC009622C3 /* MainControllers */,
				A6FD3EE41E09FC7F009622C3 /* WeiBoBaseViewController.swift */,
			);
			path = Main;
			sourceTree = "<group>";
		};
		A6FD3EDD1E09FB1A009622C3 /* Message */ = {
			isa = PBXGroup;
			children = (
				A6FD3EE81E09FCFE009622C3 /* WeiBoMessageViewController.swift */,
			);
			path = Message;
			sourceTree = "<group>";
		};
		A6FD3EDE1E09FB1A009622C3 /* Profile */ = {
			isa = PBXGroup;
			children = (
				A6FD3EEC1E09FD31009622C3 /* WeiBoProfileViewController.swift */,
			);
			path = Profile;
			sourceTree = "<group>";
		};
		A6FD3EDF1E09FB1A009622C3 /* ViewModel */ = {
			isa = PBXGroup;
			children = (
			);
			path = ViewModel;
			sourceTree = "<group>";
		};
		A6FD3EEE1E0A0266009622C3 /* Extension */ = {
			isa = PBXGroup;
			children = (
				A6FD3EEF1E0A02AB009622C3 /* Bundle+Extension.swift */,
				A6FD3EFD1E0FF3A3009622C3 /* UIButton+Extension.swift */,
				A6FD3F021E100CEE009622C3 /* UIBarButtonItem+Extension.swift */,
				A68C4DBE1E14879F00CEECA4 /* UIlabel+extension.swift */,
				A6C038FD1E169F64000C44E9 /* UIColor+extension.swift */,
			);
			name = Extension;
			sourceTree = "<group>";
		};
		A6FD3EFA1E0EC1D9009622C3 /* Additions */ = {
			isa = PBXGroup;
			children = (
				A6FD3F041E101050009622C3 /* TitleButton.swift */,
			);
			name = Additions;
			sourceTree = "<group>";
		};
		A6FD3EFF1E100125009622C3 /* Test */ = {
			isa = PBXGroup;
			children = (
				A6FD3F001E100151009622C3 /* WeiboDemoViewController.swift */,
			);
			name = Test;
			sourceTree = "<group>";
		};
		A6FD3F061E12B3BC009622C3 /* MainControllers */ = {
			isa = PBXGroup;
			children = (
				A6FD3EE01E09FBB2009622C3 /* WeiBoMainViewController.swift */,
				A6FD3EE21E09FC2D009622C3 /* WeiBoNavigationController.swift */,
			);
			name = MainControllers;
			sourceTree = "<group>";
		};
/* End PBXGroup section */

/* Begin PBXNativeTarget section */
		A6FD3EC01E097CD6009622C3 /* Weibo */ = {
			isa = PBXNativeTarget;
			buildConfigurationList = A6FD3ED31E097CD6009622C3 /* Build configuration list for PBXNativeTarget "Weibo" */;
			buildPhases = (
				A6FD3EBD1E097CD6009622C3 /* Sources */,
				A6FD3EBE1E097CD6009622C3 /* Frameworks */,
				A6FD3EBF1E097CD6009622C3 /* Resources */,
			);
			buildRules = (
			);
			dependencies = (
			);
			name = Weibo;
			productName = Weibo;
			productReference = A6FD3EC11E097CD6009622C3 /* Weibo.app */;
			productType = "com.apple.product-type.application";
		};
/* End PBXNativeTarget section */

/* Begin PBXProject section */
		A6FD3EB91E097CD6009622C3 /* Project object */ = {
			isa = PBXProject;
			attributes = {
				LastSwiftUpdateCheck = 0810;
				LastUpgradeCheck = 0820;
				ORGANIZATIONNAME = "袁 峰";
				TargetAttributes = {
					A6FD3EC01E097CD6009622C3 = {
						CreatedOnToolsVersion = 8.1;
						DevelopmentTeam = E723DS9NC5;
						ProvisioningStyle = Automatic;
					};
				};
			};
			buildConfigurationList = A6FD3EBC1E097CD6009622C3 /* Build configuration list for PBXProject "Weibo" */;
			compatibilityVersion = "Xcode 3.2";
			developmentRegion = English;
			hasScannedForEncodings = 0;
			knownRegions = (
				en,
				Base,
			);
			mainGroup = A6FD3EB81E097CD6009622C3;
			productRefGroup = A6FD3EC21E097CD6009622C3 /* Products */;
			projectDirPath = "";
			projectRoot = "";
			targets = (
				A6FD3EC01E097CD6009622C3 /* Weibo */,
			);
		};
/* End PBXProject section */

/* Begin PBXResourcesBuildPhase section */
		A6FD3EBF1E097CD6009622C3 /* Resources */ = {
			isa = PBXResourcesBuildPhase;
			buildActionMask = 2147483647;
			files = (
				A6FD3ECF1E097CD6009622C3 /* LaunchScreen.storyboard in Resources */,
				A6FD3ECC1E097CD6009622C3 /* Assets.xcassets in Resources */,
				A6BE01941E17AA4B00854CE6 /* main.json in Resources */,
				A6FD3ECA1E097CD6009622C3 /* Main.storyboard in Resources */,
			);
			runOnlyForDeploymentPostprocessing = 0;
		};
/* End PBXResourcesBuildPhase section */

/* Begin PBXSourcesBuildPhase section */
		A6FD3EBD1E097CD6009622C3 /* Sources */ = {
			isa = PBXSourcesBuildPhase;
			buildActionMask = 2147483647;
			files = (
				A68C4DBF1E14879F00CEECA4 /* UIlabel+extension.swift in Sources */,
				A6FD3EEB1E09FD14009622C3 /* WeiBoDiscoverViewController.swift in Sources */,
				A6FD3F051E101050009622C3 /* TitleButton.swift in Sources */,
				A6FD3F011E100151009622C3 /* WeiboDemoViewController.swift in Sources */,
				A6FD3EF01E0A02AB009622C3 /* Bundle+Extension.swift in Sources */,
				A6FD3EFE1E0FF3A3009622C3 /* UIButton+Extension.swift in Sources */,
				A6FD3F031E100CEE009622C3 /* UIBarButtonItem+Extension.swift in Sources */,
				A6C038FE1E169F64000C44E9 /* UIColor+extension.swift in Sources */,
				A6FD3EE31E09FC2D009622C3 /* WeiBoNavigationController.swift in Sources */,
				A6FD3EE11E09FBB2009622C3 /* WeiBoMainViewController.swift in Sources */,
				A68C4DBD1E140CBD00CEECA4 /* WeiboVisitorView.swift in Sources */,
				A6FD3EE71E09FCD8009622C3 /* WeiBoHomeViewController.swift in Sources */,
				A6FD3EED1E09FD31009622C3 /* WeiBoProfileViewController.swift in Sources */,
				A6FD3EE91E09FCFE009622C3 /* WeiBoMessageViewController.swift in Sources */,
				A6FD3EC51E097CD6009622C3 /* AppDelegate.swift in Sources */,
				A6FD3EE51E09FC7F009622C3 /* WeiBoBaseViewController.swift in Sources */,
			);
			runOnlyForDeploymentPostprocessing = 0;
		};
/* End PBXSourcesBuildPhase section */

/* Begin PBXVariantGroup section */
		A6FD3EC81E097CD6009622C3 /* Main.storyboard */ = {
			isa = PBXVariantGroup;
			children = (
				A6FD3EC91E097CD6009622C3 /* Base */,
			);
			name = Main.storyboard;
			sourceTree = "<group>";
		};
		A6FD3ECD1E097CD6009622C3 /* LaunchScreen.storyboard */ = {
			isa = PBXVariantGroup;
			children = (
				A6FD3ECE1E097CD6009622C3 /* Base */,
			);
			name = LaunchScreen.storyboard;
			sourceTree = "<group>";
		};
/* End PBXVariantGroup section */

/* Begin XCBuildConfiguration section */
		A6FD3ED11E097CD6009622C3 /* Debug */ = {
			isa = XCBuildConfiguration;
			buildSettings = {
				ALWAYS_SEARCH_USER_PATHS = NO;
				CLANG_ANALYZER_NONNULL = YES;
				CLANG_CXX_LANGUAGE_STANDARD = "gnu++0x";
				CLANG_CXX_LIBRARY = "libc++";
				CLANG_ENABLE_MODULES = YES;
				CLANG_ENABLE_OBJC_ARC = YES;
				CLANG_WARN_BOOL_CONVERSION = YES;
				CLANG_WARN_CONSTANT_CONVERSION = YES;
				CLANG_WARN_DIRECT_OBJC_ISA_USAGE = YES_ERROR;
				CLANG_WARN_DOCUMENTATION_COMMENTS = YES;
				CLANG_WARN_EMPTY_BODY = YES;
				CLANG_WARN_ENUM_CONVERSION = YES;
				CLANG_WARN_INFINITE_RECURSION = YES;
				CLANG_WARN_INT_CONVERSION = YES;
				CLANG_WARN_OBJC_ROOT_CLASS = YES_ERROR;
				CLANG_WARN_SUSPICIOUS_MOVE = YES;
				CLANG_WARN_SUSPICIOUS_MOVES = YES;
				CLANG_WARN_UNREACHABLE_CODE = YES;
				CLANG_WARN__DUPLICATE_METHOD_MATCH = YES;
				"CODE_SIGN_IDENTITY[sdk=iphoneos*]" = "iPhone Developer";
				COPY_PHASE_STRIP = NO;
				DEBUG_INFORMATION_FORMAT = dwarf;
				ENABLE_STRICT_OBJC_MSGSEND = YES;
				ENABLE_TESTABILITY = YES;
				GCC_C_LANGUAGE_STANDARD = gnu99;
				GCC_DYNAMIC_NO_PIC = NO;
				GCC_NO_COMMON_BLOCKS = YES;
				GCC_OPTIMIZATION_LEVEL = 0;
				GCC_PREPROCESSOR_DEFINITIONS = (
					"DEBUG=1",
					"$(inherited)",
				);
				GCC_WARN_64_TO_32_BIT_CONVERSION = YES;
				GCC_WARN_ABOUT_RETURN_TYPE = YES_ERROR;
				GCC_WARN_UNDECLARED_SELECTOR = YES;
				GCC_WARN_UNINITIALIZED_AUTOS = YES_AGGRESSIVE;
				GCC_WARN_UNUSED_FUNCTION = YES;
				GCC_WARN_UNUSED_VARIABLE = YES;
				IPHONEOS_DEPLOYMENT_TARGET = 10.1;
				MTL_ENABLE_DEBUG_INFO = YES;
				ONLY_ACTIVE_ARCH = YES;
				SDKROOT = iphoneos;
				SWIFT_ACTIVE_COMPILATION_CONDITIONS = DEBUG;
				SWIFT_OPTIMIZATION_LEVEL = "-Onone";
			};
			name = Debug;
		};
		A6FD3ED21E097CD6009622C3 /* Release */ = {
			isa = XCBuildConfiguration;
			buildSettings = {
				ALWAYS_SEARCH_USER_PATHS = NO;
				CLANG_ANALYZER_NONNULL = YES;
				CLANG_CXX_LANGUAGE_STANDARD = "gnu++0x";
				CLANG_CXX_LIBRARY = "libc++";
				CLANG_ENABLE_MODULES = YES;
				CLANG_ENABLE_OBJC_ARC = YES;
				CLANG_WARN_BOOL_CONVERSION = YES;
				CLANG_WARN_CONSTANT_CONVERSION = YES;
				CLANG_WARN_DIRECT_OBJC_ISA_USAGE = YES_ERROR;
				CLANG_WARN_DOCUMENTATION_COMMENTS = YES;
				CLANG_WARN_EMPTY_BODY = YES;
				CLANG_WARN_ENUM_CONVERSION = YES;
				CLANG_WARN_INFINITE_RECURSION = YES;
				CLANG_WARN_INT_CONVERSION = YES;
				CLANG_WARN_OBJC_ROOT_CLASS = YES_ERROR;
				CLANG_WARN_SUSPICIOUS_MOVE = YES;
				CLANG_WARN_SUSPICIOUS_MOVES = YES;
				CLANG_WARN_UNREACHABLE_CODE = YES;
				CLANG_WARN__DUPLICATE_METHOD_MATCH = YES;
				"CODE_SIGN_IDENTITY[sdk=iphoneos*]" = "iPhone Developer";
				COPY_PHASE_STRIP = NO;
				DEBUG_INFORMATION_FORMAT = "dwarf-with-dsym";
				ENABLE_NS_ASSERTIONS = NO;
				ENABLE_STRICT_OBJC_MSGSEND = YES;
				GCC_C_LANGUAGE_STANDARD = gnu99;
				GCC_NO_COMMON_BLOCKS = YES;
				GCC_WARN_64_TO_32_BIT_CONVERSION = YES;
				GCC_WARN_ABOUT_RETURN_TYPE = YES_ERROR;
				GCC_WARN_UNDECLARED_SELECTOR = YES;
				GCC_WARN_UNINITIALIZED_AUTOS = YES_AGGRESSIVE;
				GCC_WARN_UNUSED_FUNCTION = YES;
				GCC_WARN_UNUSED_VARIABLE = YES;
				IPHONEOS_DEPLOYMENT_TARGET = 10.1;
				MTL_ENABLE_DEBUG_INFO = NO;
				SDKROOT = iphoneos;
				SWIFT_OPTIMIZATION_LEVEL = "-Owholemodule";
				VALIDATE_PRODUCT = YES;
			};
			name = Release;
		};
		A6FD3ED41E097CD6009622C3 /* Debug */ = {
			isa = XCBuildConfiguration;
			buildSettings = {
				ASSETCATALOG_COMPILER_APPICON_NAME = AppIcon;
				DEVELOPMENT_TEAM = E723DS9NC5;
				INFOPLIST_FILE = Weibo/Info.plist;
				IPHONEOS_DEPLOYMENT_TARGET = 10.1;
				LD_RUNPATH_SEARCH_PATHS = "$(inherited) @executable_path/Frameworks";
				PRODUCT_BUNDLE_IDENTIFIER = com.ityike.Weibo;
				PRODUCT_NAME = "$(TARGET_NAME)";
				SWIFT_VERSION = 3.0;
				TARGETED_DEVICE_FAMILY = 1;
			};
			name = Debug;
		};
		A6FD3ED51E097CD6009622C3 /* Release */ = {
			isa = XCBuildConfiguration;
			buildSettings = {
				ASSETCATALOG_COMPILER_APPICON_NAME = AppIcon;
				DEVELOPMENT_TEAM = E723DS9NC5;
				INFOPLIST_FILE = Weibo/Info.plist;
				IPHONEOS_DEPLOYMENT_TARGET = 10.1;
				LD_RUNPATH_SEARCH_PATHS = "$(inherited) @executable_path/Frameworks";
				PRODUCT_BUNDLE_IDENTIFIER = com.ityike.Weibo;
				PRODUCT_NAME = "$(TARGET_NAME)";
				SWIFT_VERSION = 3.0;
				TARGETED_DEVICE_FAMILY = 1;
			};
			name = Release;
		};
/* End XCBuildConfiguration section */

/* Begin XCConfigurationList section */
		A6FD3EBC1E097CD6009622C3 /* Build configuration list for PBXProject "Weibo" */ = {
			isa = XCConfigurationList;
			buildConfigurations = (
				A6FD3ED11E097CD6009622C3 /* Debug */,
				A6FD3ED21E097CD6009622C3 /* Release */,
			);
			defaultConfigurationIsVisible = 0;
			defaultConfigurationName = Release;
		};
		A6FD3ED31E097CD6009622C3 /* Build configuration list for PBXNativeTarget "Weibo" */ = {
			isa = XCConfigurationList;
			buildConfigurations = (
				A6FD3ED41E097CD6009622C3 /* Debug */,
				A6FD3ED51E097CD6009622C3 /* Release */,
			);
			defaultConfigurationIsVisible = 0;
			defaultConfigurationName = Release;
		};
/* End XCConfigurationList section */
	};
	rootObject = A6FD3EB91E097CD6009622C3 /* Project object */;
}
